Microsoft Visual Studio Solution File, Format Version 12.00
# Visual Studio Version 16
VisualStudioVersion = 16.0.29324.140
MinimumVisualStudioVersion = 15.0.0.0
Project("{2150E333-8FDC-42A3-9474-1A3956D46DE8}") = "Solution Items", "Solution Items", "{A6A7B553-5359-4FB9-B19C-8A23004F49DB}"
	ProjectSection(SolutionItems) = preProject
		.editorconfig = .editorconfig
		.gitattributes = .gitattributes
		.gitignore = .gitignore
		.mailmap = .mailmap
		build.cmd = build.cmd
		build.sh = build.sh
		build.ps1 = build.ps1
		ci.yml
		CONTRIBUTING.md = CONTRIBUTING.md
		Directory.Build.props = Directory.Build.props
		global.json = global.json
		how_to_build.md = how_to_build.md
		License.txt = License.txt
		mkdocs.yml = mkdocs.yml
		README.md = README.md
s		release.yml
	EndProjectSection
EndProject
Project("{2150E333-8FDC-42A3-9474-1A3956D46DE8}") = "src", "src", "{59466C4D-C407-4DD9-B77B-D99162B9FC7C}"
	ProjectSection(SolutionItems) = preProject
		src\CommonAssemblyInfo.cs = src\CommonAssemblyInfo.cs
		src\Directory.Build.props = src\Directory.Build.props
		src\FakeItEasy.Dictionary.xml = src\FakeItEasy.Dictionary.xml
		src\FakeItEasy.ruleset = src\FakeItEasy.ruleset
		src\FakeItEasy.snk = src\FakeItEasy.snk
	EndProjectSection
EndProject
Project("{2150E333-8FDC-42A3-9474-1A3956D46DE8}") = "Unit", "Unit", "{DC5EAE30-96E3-4D38-B3C5-33E587C9FB76}"
EndProject
Project("{2150E333-8FDC-42A3-9474-1A3956D46DE8}") = "tests", "tests", "{AD790E7D-D664-4B5F-8BE8-01507A2A9F3B}"
	ProjectSection(SolutionItems) = preProject
		tests\Directory.Build.props = tests\Directory.Build.props
		tests\FakeItEasy.Dictionary.Tests.xml = tests\FakeItEasy.Dictionary.Tests.xml
		tests\FakeItEasy.Tests.ruleset = tests\FakeItEasy.Tests.ruleset
	EndProjectSection
EndProject
Project("{2150E333-8FDC-42A3-9474-1A3956D46DE8}") = "docs", "docs", "{072853A5-377B-47C4-8644-AF1F4FD669E2}"
	ProjectSection(SolutionItems) = preProject
		docs\analyzer.md = docs\analyzer.md
		docs\requirements.txt = docs\requirements.txt
	EndProjectSection
EndProject
Project("{2150E333-8FDC-42A3-9474-1A3956D46DE8}") = "css", "css", "{5A081DFC-0269-480B-853A-89D09AF478A8}"
	ProjectSection(SolutionItems) = preProject
		docs\css\extra-highlight.css = docs\css\extra-highlight.css
	EndProjectSection
EndProject
Project("{9A19103F-16F7-4668-BE54-9A1E7A4F7556}") = "FakeItEasy.Analyzer.CSharp.Tests", "tests\FakeItEasy.Analyzer.CSharp.Tests\FakeItEasy.Analyzer.CSharp.Tests.csproj", "{38F3191B-1CE0-4EE0-930F-794A2F2F4CDB}"
EndProject
Project("{9A19103F-16F7-4668-BE54-9A1E7A4F7556}") = "FakeItEasy.Analyzer.VisualBasic.Tests", "tests\FakeItEasy.Analyzer.VisualBasic.Tests\FakeItEasy.Analyzer.VisualBasic.Tests.csproj", "{C37E7B74-DCA9-47FF-BAA1-EBC2ECB2C72F}"
EndProject
Project("{9A19103F-16F7-4668-BE54-9A1E7A4F7556}") = "FakeItEasy.Analyzer.CSharp", "src\FakeItEasy.Analyzer.CSharp\FakeItEasy.Analyzer.CSharp.csproj", "{EF850910-1B7F-4824-8034-0A935B8C9152}"
EndProject
Project("{9A19103F-16F7-4668-BE54-9A1E7A4F7556}") = "FakeItEasy.Analyzer.VisualBasic", "src\FakeItEasy.Analyzer.VisualBasic\FakeItEasy.Analyzer.VisualBasic.csproj", "{C0B3EF5F-222E-4FD4-9B42-161AC6C56CB5}"
EndProject
Project("{2150E333-8FDC-42A3-9474-1A3956D46DE8}") = "tools", "tools", "{9D99B251-FB4F-49BF-8405-F6E0DE46EB32}"
	ProjectSection(SolutionItems) = preProject
		tools\deploy.cmd = tools\deploy.cmd
		tools\Directory.Build.props = tools\Directory.Build.props
		tools\FakeItEasy.ToolPaths.targets = tools\FakeItEasy.ToolPaths.targets
		tools\prepare_release.cmd = tools\prepare_release.cmd
	EndProjectSection
EndProject
Project("{D954291E-2A0B-460D-934E-DC6B0785DB48}") = "FakeItEasy.Analyzer.Shared", "src\FakeItEasy.Analyzer.Shared\FakeItEasy.Analyzer.Shared.shproj", "{E3ED4908-BC8D-4D81-A31B-8CD0B67F41B4}"
EndProject
Project("{9A19103F-16F7-4668-BE54-9A1E7A4F7556}") = "FakeItEasy.Build", "tools\FakeItEasy.Build\FakeItEasy.Build.csproj", "{81779103-4CA9-4177-B78A-A435FC37DADC}"
EndProject
Project("{9A19103F-16F7-4668-BE54-9A1E7A4F7556}") = "FakeItEasy.PrepareRelease", "tools-shared\FakeItEasy.PrepareRelease\FakeItEasy.PrepareRelease.csproj", "{0E2ED1CD-C7ED-4641-9482-C4BBBA58B623}"
EndProject
Project("{9A19103F-16F7-4668-BE54-9A1E7A4F7556}") = "FakeItEasy.Deploy", "tools-shared\FakeItEasy.Deploy\FakeItEasy.Deploy.csproj", "{5F4FC5FA-E2FA-456D-813F-6057B7CE7FF0}"
EndProject
Global
	GlobalSection(SharedMSBuildProjectFiles) = preSolution
		tests\FakeItEasy.Analyzer.Tests.Shared\FakeItEasy.Analyzer.Tests.Shared.projitems*{38f3191b-1ce0-4ee0-930f-794a2f2f4cdb}*SharedItemsImports = 4
		tests\FakeItEasy.Analyzer.Tests.Shared\FakeItEasy.Analyzer.Tests.Shared.projitems*{c37e7b74-dca9-47ff-baa1-ebc2ecb2c72f}*SharedItemsImports = 4
		src\FakeItEasy.Analyzer.Shared\FakeItEasy.Analyzer.Shared.projitems*{e3ed4908-bc8d-4d81-a31b-8cd0b67f41b4}*SharedItemsImports = 13
	EndGlobalSection
	GlobalSection(SolutionConfigurationPlatforms) = preSolution
		Debug|Any CPU = Debug|Any CPU
		Release|Any CPU = Release|Any CPU
	EndGlobalSection
	GlobalSection(ProjectConfigurationPlatforms) = postSolution
		{38F3191B-1CE0-4EE0-930F-794A2F2F4CDB}.Debug|Any CPU.ActiveCfg = Debug|Any CPU
		{38F3191B-1CE0-4EE0-930F-794A2F2F4CDB}.Debug|Any CPU.Build.0 = Debug|Any CPU
		{38F3191B-1CE0-4EE0-930F-794A2F2F4CDB}.Release|Any CPU.ActiveCfg = Release|Any CPU
		{38F3191B-1CE0-4EE0-930F-794A2F2F4CDB}.Release|Any CPU.Build.0 = Release|Any CPU
		{C37E7B74-DCA9-47FF-BAA1-EBC2ECB2C72F}.Debug|Any CPU.ActiveCfg = Debug|Any CPU
		{C37E7B74-DCA9-47FF-BAA1-EBC2ECB2C72F}.Debug|Any CPU.Build.0 = Debug|Any CPU
		{C37E7B74-DCA9-47FF-BAA1-EBC2ECB2C72F}.Release|Any CPU.ActiveCfg = Release|Any CPU
		{C37E7B74-DCA9-47FF-BAA1-EBC2ECB2C72F}.Release|Any CPU.Build.0 = Release|Any CPU
		{EF850910-1B7F-4824-8034-0A935B8C9152}.Debug|Any CPU.ActiveCfg = Debug|Any CPU
		{EF850910-1B7F-4824-8034-0A935B8C9152}.Debug|Any CPU.Build.0 = Debug|Any CPU
		{EF850910-1B7F-4824-8034-0A935B8C9152}.Release|Any CPU.ActiveCfg = Release|Any CPU
		{EF850910-1B7F-4824-8034-0A935B8C9152}.Release|Any CPU.Build.0 = Release|Any CPU
		{C0B3EF5F-222E-4FD4-9B42-161AC6C56CB5}.Debug|Any CPU.ActiveCfg = Debug|Any CPU
		{C0B3EF5F-222E-4FD4-9B42-161AC6C56CB5}.Debug|Any CPU.Build.0 = Debug|Any CPU
		{C0B3EF5F-222E-4FD4-9B42-161AC6C56CB5}.Release|Any CPU.ActiveCfg = Release|Any CPU
		{C0B3EF5F-222E-4FD4-9B42-161AC6C56CB5}.Release|Any CPU.Build.0 = Release|Any CPU
		{81779103-4CA9-4177-B78A-A435FC37DADC}.Debug|Any CPU.ActiveCfg = Debug|Any CPU
		{81779103-4CA9-4177-B78A-A435FC37DADC}.Release|Any CPU.ActiveCfg = Release|Any CPU
		{0E2ED1CD-C7ED-4641-9482-C4BBBA58B623}.Debug|Any CPU.ActiveCfg = Debug|Any CPU
		{0E2ED1CD-C7ED-4641-9482-C4BBBA58B623}.Release|Any CPU.ActiveCfg = Release|Any CPU
		{5F4FC5FA-E2FA-456D-813F-6057B7CE7FF0}.Debug|Any CPU.ActiveCfg = Debug|Any CPU
		{5F4FC5FA-E2FA-456D-813F-6057B7CE7FF0}.Release|Any CPU.ActiveCfg = Release|Any CPU
    EndGlobalSection
	GlobalSection(SolutionProperties) = preSolution
		HideSolutionNode = FALSE
	EndGlobalSection
	GlobalSection(NestedProjects) = preSolution
		{DC5EAE30-96E3-4D38-B3C5-33E587C9FB76} = {AD790E7D-D664-4B5F-8BE8-01507A2A9F3B}
		{5A081DFC-0269-480B-853A-89D09AF478A8} = {072853A5-377B-47C4-8644-AF1F4FD669E2}
		{38F3191B-1CE0-4EE0-930F-794A2F2F4CDB} = {DC5EAE30-96E3-4D38-B3C5-33E587C9FB76}
		{C37E7B74-DCA9-47FF-BAA1-EBC2ECB2C72F} = {DC5EAE30-96E3-4D38-B3C5-33E587C9FB76}
		{EF850910-1B7F-4824-8034-0A935B8C9152} = {59466C4D-C407-4DD9-B77B-D99162B9FC7C}
		{C0B3EF5F-222E-4FD4-9B42-161AC6C56CB5} = {59466C4D-C407-4DD9-B77B-D99162B9FC7C}
		{E3ED4908-BC8D-4D81-A31B-8CD0B67F41B4} = {59466C4D-C407-4DD9-B77B-D99162B9FC7C}
		{81779103-4CA9-4177-B78A-A435FC37DADC} = {9D99B251-FB4F-49BF-8405-F6E0DE46EB32}
		{0E2ED1CD-C7ED-4641-9482-C4BBBA58B623} = {9D99B251-FB4F-49BF-8405-F6E0DE46EB32}
		{5F4FC5FA-E2FA-456D-813F-6057B7CE7FF0} = {9D99B251-FB4F-49BF-8405-F6E0DE46EB32}
	EndGlobalSection
	GlobalSection(ExtensibilityGlobals) = postSolution
		SolutionGuid = {E70BBF50-5920-49F2-835D-4A2DBD73F0E1}
	EndGlobalSection
EndGlobal
